
Microsoft Visual Studio Solution File, Format Version 12.00
# Visual Studio Version 16
VisualStudioVersion = 16.0.30621.155
MinimumVisualStudioVersion = 10.0.40219.1
Project("{9092AA53-FB77-4645-B42D-1CCCA6BD08BD}") = "NodejsWebApp1", "NodejsWebApp1\NodejsWebApp1.njsproj", "{BD31F53B-0B8C-4DE1-8326-FA5A6DD9C4D3}"
EndProject
Global
	GlobalSection(SolutionConfigurationPlatforms) = preSolution
		Debug|Any CPU = Debug|Any CPU
		Release|Any CPU = Release|Any CPU
	EndGlobalSection
	GlobalSection(ProjectConfigurationPlatforms) = postSolution
		{BD31F53B-0B8C-4DE1-8326-FA5A6DD9C4D3}.Debug|Any CPU.ActiveCfg = Debug|Any CPU
		{BD31F53B-0B8C-4DE1-8326-FA5A6DD9C4D3}.Debug|Any CPU.Build.0 = Debug|Any CPU
		{BD31F53B-0B8C-4DE1-8326-FA5A6DD9C4D3}.Release|Any CPU.ActiveCfg = Release|Any CPU
		{BD31F53B-0B8C-4DE1-8326-FA5A6DD9C4D3}.Release|Any CPU.Build.0 = Release|Any CPU
	EndGlobalSection
	GlobalSection(SolutionProperties) = preSolution
		HideSolutionNode = FALSE
	EndGlobalSection
	GlobalSection(ExtensibilityGlobals) = postSolution
		SolutionGuid = {D51CB302-53A6-4416-9366-9A0C0414422B}
	EndGlobalSection
EndGlobal
